
Microsoft Visual Studio Solution File, Format Version 12.00
# Visual Studio Version 17
VisualStudioVersion = 17.11.34929.205
MinimumVisualStudioVersion = 10.0.40219.1
Project("{FAE04EC0-301F-11D3-BF4B-00C04F79EFBC}") = "MinuteToHour", "MinuteToHour\MinuteToHour.csproj", "{FDA807DA-6843-4E64-8DD5-E00FDF9A2328}"
EndProject
Global
	GlobalSection(SolutionConfigurationPlatforms) = preSolution
		Debug|Any CPU = Debug|Any CPU
		Release|Any CPU = Release|Any CPU
	EndGlobalSection
	GlobalSection(ProjectConfigurationPlatforms) = postSolution
		{FDA807DA-6843-4E64-8DD5-E00FDF9A2328}.Debug|Any CPU.ActiveCfg = Debug|Any CPU
		{FDA807DA-6843-4E64-8DD5-E00FDF9A2328}.Debug|Any CPU.Build.0 = Debug|Any CPU
		{FDA807DA-6843-4E64-8DD5-E00FDF9A2328}.Release|Any CPU.ActiveCfg = Release|Any CPU
		{FDA807DA-6843-4E64-8DD5-E00FDF9A2328}.Release|Any CPU.Build.0 = Release|Any CPU
	EndGlobalSection
	GlobalSection(SolutionProperties) = preSolution
		HideSolutionNode = FALSE
	EndGlobalSection
	GlobalSection(ExtensibilityGlobals) = postSolution
		SolutionGuid = {61422B5F-535D-4E1F-867E-C654B47AA8D8}
	EndGlobalSection
EndGlobal
