
Microsoft Visual Studio Solution File, Format Version 12.00
# Visual Studio Version 17
VisualStudioVersion = 17.11.34929.205
MinimumVisualStudioVersion = 10.0.40219.1
Project("{FAE04EC0-301F-11D3-BF4B-00C04F79EFBC}") = "Random Parameters", "Random Parameters\Random Parameters.csproj", "{4833FE64-7A5F-4DE1-9E6A-99A828A9027A}"
EndProject
Global
	GlobalSection(SolutionConfigurationPlatforms) = preSolution
		Debug|Any CPU = Debug|Any CPU
		Release|Any CPU = Release|Any CPU
	EndGlobalSection
	GlobalSection(ProjectConfigurationPlatforms) = postSolution
		{4833FE64-7A5F-4DE1-9E6A-99A828A9027A}.Debug|Any CPU.ActiveCfg = Debug|Any CPU
		{4833FE64-7A5F-4DE1-9E6A-99A828A9027A}.Debug|Any CPU.Build.0 = Debug|Any CPU
		{4833FE64-7A5F-4DE1-9E6A-99A828A9027A}.Release|Any CPU.ActiveCfg = Release|Any CPU
		{4833FE64-7A5F-4DE1-9E6A-99A828A9027A}.Release|Any CPU.Build.0 = Release|Any CPU
	EndGlobalSection
	GlobalSection(SolutionProperties) = preSolution
		HideSolutionNode = FALSE
	EndGlobalSection
	GlobalSection(ExtensibilityGlobals) = postSolution
		SolutionGuid = {B1BDDB5E-020B-4949-AA92-D222C4ADCCBF}
	EndGlobalSection
EndGlobal
